
Microsoft Visual Studio Solution File, Format Version 12.00
# Visual Studio Version 17
VisualStudioVersion = 17.2.32630.192
MinimumVisualStudioVersion = 10.0.40219.1
Project("{FAE04EC0-301F-11D3-BF4B-00C04F79EFBC}") = "ScreenTemperature", "ScreenTemperature\ScreenTemperature.csproj", "{1AB9C2CA-BB68-4CF2-9E8F-1927D49D97A8}"
EndProject
Global
	GlobalSection(SolutionConfigurationPlatforms) = preSolution
		Debug|Any CPU = Debug|Any CPU
		Release|Any CPU = Release|Any CPU
	EndGlobalSection
	GlobalSection(ProjectConfigurationPlatforms) = postSolution
		{1AB9C2CA-BB68-4CF2-9E8F-1927D49D97A8}.Debug|Any CPU.ActiveCfg = Debug|Any CPU
		{1AB9C2CA-BB68-4CF2-9E8F-1927D49D97A8}.Debug|Any CPU.Build.0 = Debug|Any CPU
		{1AB9C2CA-BB68-4CF2-9E8F-1927D49D97A8}.Release|Any CPU.ActiveCfg = Release|Any CPU
		{1AB9C2CA-BB68-4CF2-9E8F-1927D49D97A8}.Release|Any CPU.Build.0 = Release|Any CPU
	EndGlobalSection
	GlobalSection(SolutionProperties) = preSolution
		HideSolutionNode = FALSE
	EndGlobalSection
	GlobalSection(ExtensibilityGlobals) = postSolution
		SolutionGuid = {68E722B8-CB29-491D-90D7-C1EB63E0E77C}
	EndGlobalSection
EndGlobal
